
Microsoft Visual Studio Solution File, Format Version 12.00
# Visual Studio Version 17
VisualStudioVersion = 17.9.34607.119
MinimumVisualStudioVersion = 10.0.40219.1
Project("{FAE04EC0-301F-11D3-BF4B-00C04F79EFBC}") = "FS25Calc.Web", "FS25Calc.Web\FS25Calc.Web.csproj", "{DDE4F5AB-B913-495A-9781-E2BE06E5DF9F}"
EndProject
Global
	GlobalSection(SolutionConfigurationPlatforms) = preSolution
		Debug|Any CPU = Debug|Any CPU
		Release|Any CPU = Release|Any CPU
	EndGlobalSection
	GlobalSection(ProjectConfigurationPlatforms) = postSolution
		{DDE4F5AB-B913-495A-9781-E2BE06E5DF9F}.Debug|Any CPU.ActiveCfg = Debug|Any CPU
		{DDE4F5AB-B913-495A-9781-E2BE06E5DF9F}.Debug|Any CPU.Build.0 = Debug|Any CPU
		{DDE4F5AB-B913-495A-9781-E2BE06E5DF9F}.Release|Any CPU.ActiveCfg = Release|Any CPU
		{DDE4F5AB-B913-495A-9781-E2BE06E5DF9F}.Release|Any CPU.Build.0 = Release|Any CPU
	EndGlobalSection
	GlobalSection(SolutionProperties) = preSolution
		HideSolutionNode = FALSE
	EndGlobalSection
	GlobalSection(ExtensibilityGlobals) = postSolution
		SolutionGuid = {FD6A7576-C9BE-44C9-8DB4-DA55D975414F}
	EndGlobalSection
EndGlobal
